
Microsoft Visual Studio Solution File, Format Version 12.00
# Visual Studio Version 17
VisualStudioVersion = 17.0.31903.59
MinimumVisualStudioVersion = 10.0.40219.1
Project("{2150E333-8FDC-42A3-9474-1A3956D46DE8}") = "Domain", "Domain", "{6F732F82-C3D4-4C74-B235-BAE12E4073FF}"
EndProject
Project("{FAE04EC0-301F-11D3-BF4B-00C04F79EFBC}") = "MicroRabbit.Domain.Core", "Domain\MicroRabbit.Domain.Core\MicroRabbit.Domain.Core.csproj", "{B3347FBF-2984-46E0-8DD7-C6159A9D51B0}"
EndProject
Project("{2150E333-8FDC-42A3-9474-1A3956D46DE8}") = "Infra.Bus", "Infra.Bus", "{5E5A3CFC-392D-4E24-BD16-A958ADFF1442}"
EndProject
Project("{FAE04EC0-301F-11D3-BF4B-00C04F79EFBC}") = "MicroRabbit.Infra.Bus", "Infra.Bus\MicroRabbit.Infra.Bus\MicroRabbit.Infra.Bus.csproj", "{5180DA56-0777-473C-AF48-D01CC0A9D4CB}"
EndProject
Project("{2150E333-8FDC-42A3-9474-1A3956D46DE8}") = "Infra.IoC", "Infra.IoC", "{BD3B1A7C-AE58-45B6-9C8A-EACE2F3168EC}"
EndProject
Project("{FAE04EC0-301F-11D3-BF4B-00C04F79EFBC}") = "MicroRabbit.Infra.IoC", "Infra.IoC\MicroRabbit.Infra.IoC\MicroRabbit.Infra.IoC.csproj", "{90C1F839-ADB9-4766-8850-691A830F208D}"
EndProject
Project("{2150E333-8FDC-42A3-9474-1A3956D46DE8}") = "Microservices", "Microservices", "{87198BA0-2BC3-45FD-B563-B460D2B38684}"
EndProject
Project("{2150E333-8FDC-42A3-9474-1A3956D46DE8}") = "Banking", "Banking", "{CB7068B7-D474-4514-A7D1-24F1CD43F39A}"
EndProject
Project("{2150E333-8FDC-42A3-9474-1A3956D46DE8}") = "Api", "Api", "{8018506E-17D3-4458-AA7A-A1C0ABADE3A7}"
EndProject
Project("{FAE04EC0-301F-11D3-BF4B-00C04F79EFBC}") = "MicroRabbit.Banking.Api", "Microservices\Banking\Api\MicroRabbit.Banking.Api\MicroRabbit.Banking.Api.csproj", "{B1730AD7-C2D5-4B30-911C-5976AF106239}"
EndProject
Project("{2150E333-8FDC-42A3-9474-1A3956D46DE8}") = "Application", "Application", "{DC884F40-5D5D-4F4F-8057-4E67F43AD0C8}"
EndProject
Project("{FAE04EC0-301F-11D3-BF4B-00C04F79EFBC}") = "MicroRabbit.Banking.Application", "Microservices\Banking\Application\MicroRabbit.Banking.Application\MicroRabbit.Banking.Application.csproj", "{B9D0A69B-1DCF-4C66-821D-C20183A5197C}"
EndProject
Project("{2150E333-8FDC-42A3-9474-1A3956D46DE8}") = "Data", "Data", "{0F38CED1-BBC7-44D2-9154-01DE7AC87144}"
EndProject
Project("{FAE04EC0-301F-11D3-BF4B-00C04F79EFBC}") = "MicroRabbit.Banking.Data", "Microservices\Banking\Data\MicroRabbit.Banking.Data\MicroRabbit.Banking.Data.csproj", "{4AAF6BD6-6961-4BEC-BBE1-455C03378CBE}"
EndProject
Project("{2150E333-8FDC-42A3-9474-1A3956D46DE8}") = "Domain", "Domain", "{80746821-6949-4669-82A7-5BFB0FA7373A}"
EndProject
Project("{FAE04EC0-301F-11D3-BF4B-00C04F79EFBC}") = "MicroRabbit.Banking.Domain", "Microservices\Banking\Domain\MicroRabbit.Banking.Domain\MicroRabbit.Banking.Domain.csproj", "{D67C3B55-EFCC-495B-8C93-592CE2779BDB}"
EndProject
Project("{2150E333-8FDC-42A3-9474-1A3956D46DE8}") = "Transfer", "Transfer", "{AF09D612-8097-4FCA-9DB2-18EA8DB77E38}"
EndProject
Project("{2150E333-8FDC-42A3-9474-1A3956D46DE8}") = "Api", "Api", "{5A8F2DE6-4352-4398-BBD8-35B0AF1AA8D6}"
EndProject
Project("{FAE04EC0-301F-11D3-BF4B-00C04F79EFBC}") = "MicroRabbit.Transfer.Api", "Microservices\Transfer\Api\MicroRabbit.Transfer.Api\MicroRabbit.Transfer.Api.csproj", "{1ABF4BEB-9A05-4EA4-AEF1-7717F1870562}"
EndProject
Project("{2150E333-8FDC-42A3-9474-1A3956D46DE8}") = "Application", "Application", "{C407629D-EA85-41FA-BD09-E8DABE684517}"
EndProject
Project("{FAE04EC0-301F-11D3-BF4B-00C04F79EFBC}") = "MicroRabbit.Transfer.Application", "Microservices\Transfer\Application\MicroRabbit.Transfer.Application\MicroRabbit.Transfer.Application.csproj", "{CA4FF055-05A6-45A2-A262-A4495B4D2874}"
EndProject
Project("{2150E333-8FDC-42A3-9474-1A3956D46DE8}") = "Data", "Data", "{5F52CCE1-FE0D-4EEF-A195-AA8C7086A84C}"
EndProject
Project("{FAE04EC0-301F-11D3-BF4B-00C04F79EFBC}") = "MicroRabbit.Transfer.Data", "Microservices\Transfer\Data\MicroRabbit.Transfer.Data\MicroRabbit.Transfer.Data.csproj", "{B31F9E02-1B24-4584-BF38-57DC43516D35}"
EndProject
Project("{2150E333-8FDC-42A3-9474-1A3956D46DE8}") = "Domain", "Domain", "{2EDC64FB-EB11-44A7-BDBA-A53EA412046B}"
EndProject
Project("{FAE04EC0-301F-11D3-BF4B-00C04F79EFBC}") = "MicroRabbit.Transfer.Domain", "Microservices\Transfer\Domain\MicroRabbit.Transfer.Domain\MicroRabbit.Transfer.Domain.csproj", "{5AB89E8E-8714-4F24-B095-BC34C9C6CCAD}"
EndProject
Global
	GlobalSection(SolutionConfigurationPlatforms) = preSolution
		Debug|Any CPU = Debug|Any CPU
		Release|Any CPU = Release|Any CPU
	EndGlobalSection
	GlobalSection(SolutionProperties) = preSolution
		HideSolutionNode = FALSE
	EndGlobalSection
	GlobalSection(ProjectConfigurationPlatforms) = postSolution
		{B3347FBF-2984-46E0-8DD7-C6159A9D51B0}.Debug|Any CPU.ActiveCfg = Debug|Any CPU
		{B3347FBF-2984-46E0-8DD7-C6159A9D51B0}.Debug|Any CPU.Build.0 = Debug|Any CPU
		{B3347FBF-2984-46E0-8DD7-C6159A9D51B0}.Release|Any CPU.ActiveCfg = Release|Any CPU
		{B3347FBF-2984-46E0-8DD7-C6159A9D51B0}.Release|Any CPU.Build.0 = Release|Any CPU
		{5180DA56-0777-473C-AF48-D01CC0A9D4CB}.Debug|Any CPU.ActiveCfg = Debug|Any CPU
		{5180DA56-0777-473C-AF48-D01CC0A9D4CB}.Debug|Any CPU.Build.0 = Debug|Any CPU
		{5180DA56-0777-473C-AF48-D01CC0A9D4CB}.Release|Any CPU.ActiveCfg = Release|Any CPU
		{5180DA56-0777-473C-AF48-D01CC0A9D4CB}.Release|Any CPU.Build.0 = Release|Any CPU
		{90C1F839-ADB9-4766-8850-691A830F208D}.Debug|Any CPU.ActiveCfg = Debug|Any CPU
		{90C1F839-ADB9-4766-8850-691A830F208D}.Debug|Any CPU.Build.0 = Debug|Any CPU
		{90C1F839-ADB9-4766-8850-691A830F208D}.Release|Any CPU.ActiveCfg = Release|Any CPU
		{90C1F839-ADB9-4766-8850-691A830F208D}.Release|Any CPU.Build.0 = Release|Any CPU
		{B1730AD7-C2D5-4B30-911C-5976AF106239}.Debug|Any CPU.ActiveCfg = Debug|Any CPU
		{B1730AD7-C2D5-4B30-911C-5976AF106239}.Debug|Any CPU.Build.0 = Debug|Any CPU
		{B1730AD7-C2D5-4B30-911C-5976AF106239}.Release|Any CPU.ActiveCfg = Release|Any CPU
		{B1730AD7-C2D5-4B30-911C-5976AF106239}.Release|Any CPU.Build.0 = Release|Any CPU
		{B9D0A69B-1DCF-4C66-821D-C20183A5197C}.Debug|Any CPU.ActiveCfg = Debug|Any CPU
		{B9D0A69B-1DCF-4C66-821D-C20183A5197C}.Debug|Any CPU.Build.0 = Debug|Any CPU
		{B9D0A69B-1DCF-4C66-821D-C20183A5197C}.Release|Any CPU.ActiveCfg = Release|Any CPU
		{B9D0A69B-1DCF-4C66-821D-C20183A5197C}.Release|Any CPU.Build.0 = Release|Any CPU
		{4AAF6BD6-6961-4BEC-BBE1-455C03378CBE}.Debug|Any CPU.ActiveCfg = Debug|Any CPU
		{4AAF6BD6-6961-4BEC-BBE1-455C03378CBE}.Debug|Any CPU.Build.0 = Debug|Any CPU
		{4AAF6BD6-6961-4BEC-BBE1-455C03378CBE}.Release|Any CPU.ActiveCfg = Release|Any CPU
		{4AAF6BD6-6961-4BEC-BBE1-455C03378CBE}.Release|Any CPU.Build.0 = Release|Any CPU
		{D67C3B55-EFCC-495B-8C93-592CE2779BDB}.Debug|Any CPU.ActiveCfg = Debug|Any CPU
		{D67C3B55-EFCC-495B-8C93-592CE2779BDB}.Debug|Any CPU.Build.0 = Debug|Any CPU
		{D67C3B55-EFCC-495B-8C93-592CE2779BDB}.Release|Any CPU.ActiveCfg = Release|Any CPU
		{D67C3B55-EFCC-495B-8C93-592CE2779BDB}.Release|Any CPU.Build.0 = Release|Any CPU
		{1ABF4BEB-9A05-4EA4-AEF1-7717F1870562}.Debug|Any CPU.ActiveCfg = Debug|Any CPU
		{1ABF4BEB-9A05-4EA4-AEF1-7717F1870562}.Debug|Any CPU.Build.0 = Debug|Any CPU
		{1ABF4BEB-9A05-4EA4-AEF1-7717F1870562}.Release|Any CPU.ActiveCfg = Release|Any CPU
		{1ABF4BEB-9A05-4EA4-AEF1-7717F1870562}.Release|Any CPU.Build.0 = Release|Any CPU
		{CA4FF055-05A6-45A2-A262-A4495B4D2874}.Debug|Any CPU.ActiveCfg = Debug|Any CPU
		{CA4FF055-05A6-45A2-A262-A4495B4D2874}.Debug|Any CPU.Build.0 = Debug|Any CPU
		{CA4FF055-05A6-45A2-A262-A4495B4D2874}.Release|Any CPU.ActiveCfg = Release|Any CPU
		{CA4FF055-05A6-45A2-A262-A4495B4D2874}.Release|Any CPU.Build.0 = Release|Any CPU
		{B31F9E02-1B24-4584-BF38-57DC43516D35}.Debug|Any CPU.ActiveCfg = Debug|Any CPU
		{B31F9E02-1B24-4584-BF38-57DC43516D35}.Debug|Any CPU.Build.0 = Debug|Any CPU
		{B31F9E02-1B24-4584-BF38-57DC43516D35}.Release|Any CPU.ActiveCfg = Release|Any CPU
		{B31F9E02-1B24-4584-BF38-57DC43516D35}.Release|Any CPU.Build.0 = Release|Any CPU
		{5AB89E8E-8714-4F24-B095-BC34C9C6CCAD}.Debug|Any CPU.ActiveCfg = Debug|Any CPU
		{5AB89E8E-8714-4F24-B095-BC34C9C6CCAD}.Debug|Any CPU.Build.0 = Debug|Any CPU
		{5AB89E8E-8714-4F24-B095-BC34C9C6CCAD}.Release|Any CPU.ActiveCfg = Release|Any CPU
		{5AB89E8E-8714-4F24-B095-BC34C9C6CCAD}.Release|Any CPU.Build.0 = Release|Any CPU
	EndGlobalSection
	GlobalSection(NestedProjects) = preSolution
		{B3347FBF-2984-46E0-8DD7-C6159A9D51B0} = {6F732F82-C3D4-4C74-B235-BAE12E4073FF}
		{5180DA56-0777-473C-AF48-D01CC0A9D4CB} = {5E5A3CFC-392D-4E24-BD16-A958ADFF1442}
		{90C1F839-ADB9-4766-8850-691A830F208D} = {BD3B1A7C-AE58-45B6-9C8A-EACE2F3168EC}
		{CB7068B7-D474-4514-A7D1-24F1CD43F39A} = {87198BA0-2BC3-45FD-B563-B460D2B38684}
		{8018506E-17D3-4458-AA7A-A1C0ABADE3A7} = {CB7068B7-D474-4514-A7D1-24F1CD43F39A}
		{B1730AD7-C2D5-4B30-911C-5976AF106239} = {8018506E-17D3-4458-AA7A-A1C0ABADE3A7}
		{DC884F40-5D5D-4F4F-8057-4E67F43AD0C8} = {CB7068B7-D474-4514-A7D1-24F1CD43F39A}
		{B9D0A69B-1DCF-4C66-821D-C20183A5197C} = {DC884F40-5D5D-4F4F-8057-4E67F43AD0C8}
		{0F38CED1-BBC7-44D2-9154-01DE7AC87144} = {CB7068B7-D474-4514-A7D1-24F1CD43F39A}
		{4AAF6BD6-6961-4BEC-BBE1-455C03378CBE} = {0F38CED1-BBC7-44D2-9154-01DE7AC87144}
		{80746821-6949-4669-82A7-5BFB0FA7373A} = {CB7068B7-D474-4514-A7D1-24F1CD43F39A}
		{D67C3B55-EFCC-495B-8C93-592CE2779BDB} = {80746821-6949-4669-82A7-5BFB0FA7373A}
		{AF09D612-8097-4FCA-9DB2-18EA8DB77E38} = {87198BA0-2BC3-45FD-B563-B460D2B38684}
		{5A8F2DE6-4352-4398-BBD8-35B0AF1AA8D6} = {AF09D612-8097-4FCA-9DB2-18EA8DB77E38}
		{1ABF4BEB-9A05-4EA4-AEF1-7717F1870562} = {5A8F2DE6-4352-4398-BBD8-35B0AF1AA8D6}
		{C407629D-EA85-41FA-BD09-E8DABE684517} = {AF09D612-8097-4FCA-9DB2-18EA8DB77E38}
		{CA4FF055-05A6-45A2-A262-A4495B4D2874} = {C407629D-EA85-41FA-BD09-E8DABE684517}
		{5F52CCE1-FE0D-4EEF-A195-AA8C7086A84C} = {AF09D612-8097-4FCA-9DB2-18EA8DB77E38}
		{B31F9E02-1B24-4584-BF38-57DC43516D35} = {5F52CCE1-FE0D-4EEF-A195-AA8C7086A84C}
		{2EDC64FB-EB11-44A7-BDBA-A53EA412046B} = {AF09D612-8097-4FCA-9DB2-18EA8DB77E38}
		{5AB89E8E-8714-4F24-B095-BC34C9C6CCAD} = {2EDC64FB-EB11-44A7-BDBA-A53EA412046B}
	EndGlobalSection
EndGlobal
